// !$*UTF8*$!
{
	archiveVersion = 1;
	classes = {
	};
	objectVersion = 46;
	objects = {

/* Begin PBXBuildFile section */
		21DE50F61ED5A65800C03D9A /* AppDelegate.swift in Sources */ = {isa = PBXBuildFile; fileRef = 21DE50F51ED5A65800C03D9A /* AppDelegate.swift */; };
		21DE50F81ED5A65800C03D9A /* ViewController.swift in Sources */ = {isa = PBXBuildFile; fileRef = 21DE50F71ED5A65800C03D9A /* ViewController.swift */; };
		21DE50FB1ED5A65800C03D9A /* Main.storyboard in Resources */ = {isa = PBXBuildFile; fileRef = 21DE50F91ED5A65800C03D9A /* Main.storyboard */; };
		21DE50FD1ED5A65800C03D9A /* Assets.xcassets in Resources */ = {isa = PBXBuildFile; fileRef = 21DE50FC1ED5A65800C03D9A /* Assets.xcassets */; };
		21DE51001ED5A65800C03D9A /* LaunchScreen.storyboard in Resources */ = {isa = PBXBuildFile; fileRef = 21DE50FE1ED5A65800C03D9A /* LaunchScreen.storyboard */; };
/* End PBXBuildFile section */

/* Begin PBXFileReference section */
		21DE50F21ED5A65800C03D9A /* GitHubTest2.app */ = {isa = PBXFileReference; explicitFileType = wrapper.application; includeInIndex = 0; path = GitHubTest2.app; sourceTree = BUILT_PRODUCTS_DIR; };
		21DE50F51ED5A65800C03D9A /* AppDelegate.swift */ = {isa = PBXFileReference; lastKnownFileType = sourcecode.swift; path = AppDelegate.swift; sourceTree = "<group>"; };
		21DE50F71ED5A65800C03D9A /* ViewController.swift */ = {isa = PBXFileReference; lastKnownFileType = sourcecode.swift; path = ViewController.swift; sourceTree = "<group>"; };
		21DE50FA1ED5A65800C03D9A /* Base */ = {isa = PBXFileReference; lastKnownFileType = file.storyboard; name = Base; path = Base.lproj/Main.storyboard; sourceTree = "<group>"; };
		21DE50FC1ED5A65800C03D9A /* Assets.xcassets */ = {isa = PBXFileReference; lastKnownFileType = folder.assetcatalog; path = Assets.xcassets; sourceTree = "<group>"; };
		21DE50FF1ED5A65800C03D9A /* Base */ = {isa = PBXFileReference; lastKnownFileType = file.storyboard; name = Base; path = Base.lproj/LaunchScreen.storyboard; sourceTree = "<group>"; };
		21DE51011ED5A65800C03D9A /* Info.plist */ = {isa = PBXFileReference; lastKnownFileType = text.plist.xml; path = Info.plist; sourceTree = "<group>"; };
/* End PBXFileReference section */

/* Begin PBXFrameworksBuildPhase section */
		21DE50EF1ED5A65800C03D9A /* Frameworks */ = {
			isa = PBXFrameworksBuildPhase;
			buildActionMask = 2147483647;
			files = (
			);
			runOnlyForDeploymentPostprocessing = 0;
		};
/* End PBXFrameworksBuildPhase section */

/* Begin PBXGroup section */
		21DE50E91ED5A65800C03D9A = {
			isa = PBXGroup;
			children = (
				21DE50F41ED5A65800C03D9A /* GitHubTest2 */,
				21DE50F31ED5A65800C03D9A /* Products */,
			);
			sourceTree = "<group>";
		};
		21DE50F31ED5A65800C03D9A /* Products */ = {
			isa = PBXGroup;
			children = (
				21DE50F21ED5A65800C03D9A /* GitHubTest2.app */,
			);
			name = Products;
			sourceTree = "<group>";
		};
		21DE50F41ED5A65800C03D9A /* GitHubTest2 */ = {
			isa = PBXGroup;
			children = (
				21DE50F51ED5A65800C03D9A /* AppDelegate.swift */,
				21DE50F71ED5A65800C03D9A /* ViewController.swift */,
				21DE50F91ED5A65800C03D9A /* Main.storyboard */,
				21DE50FC1ED5A65800C03D9A /* Assets.xcassets */,
				21DE50FE1ED5A65800C03D9A /* LaunchScreen.storyboard */,
				21DE51011ED5A65800C03D9A /* Info.plist */,
			);
			path = GitHubTest2;
			sourceTree = "<group>";
		};
/* End PBXGroup section */

/* Begin PBXNativeTarget section */
		21DE50F11ED5A65800C03D9A /* GitHubTest2 */ = {
			isa = PBXNativeTarget;
			buildConfigurationList = 21DE51041ED5A65800C03D9A /* Build configuration list for PBXNativeTarget "GitHubTest2" */;
			buildPhases = (
				21DE50EE1ED5A65800C03D9A /* Sources */,
				21DE50EF1ED5A65800C03D9A /* Frameworks */,
				21DE50F01ED5A65800C03D9A /* Resources */,
			);
			buildRules = (
			);
			dependencies = (
			);
			name = GitHubTest2;
			productName = GitHubTest2;
			productReference = 21DE50F21ED5A65800C03D9A /* GitHubTest2.app */;
			productType = "com.apple.product-type.application";
		};
/* End PBXNativeTarget section */

/* Begin PBXProject section */
		21DE50EA1ED5A65800C03D9A /* Project object */ = {
			isa = PBXProject;
			attributes = {
				LastSwiftUpdateCheck = 0830;
				LastUpgradeCheck = 0830;
				ORGANIZATIONNAME = "Denis Rubtsov";
				TargetAttributes = {
					21DE50F11ED5A65800C03D9A = {
						CreatedOnToolsVersion = 8.3.2;
						ProvisioningStyle = Automatic;
					};
				};
			};
			buildConfigurationList = 21DE50ED1ED5A65800C03D9A /* Build configuration list for PBXProject "GitHubTest2" */;
			compatibilityVersion = "Xcode 3.2";
			developmentRegion = English;
			hasScannedForEncodings = 0;
			knownRegions = (
				en,
				Base,
			);
			mainGroup = 21DE50E91ED5A65800C03D9A;
			productRefGroup = 21DE50F31ED5A65800C03D9A /* Products */;
			projectDirPath = "";
			projectRoot = "";
			targets = (
				21DE50F11ED5A65800C03D9A /* GitHubTest2 */,
			);
		};
/* End PBXProject section */

/* Begin PBXResourcesBuildPhase section */
		21DE50F01ED5A65800C03D9A /* Resources */ = {
			isa = PBXResourcesBuildPhase;
			buildActionMask = 2147483647;
			files = (
				21DE51001ED5A65800C03D9A /* LaunchScreen.storyboard in Resources */,
				21DE50FD1ED5A65800C03D9A /* Assets.xcassets in Resources */,
				21DE50FB1ED5A65800C03D9A /* Main.storyboard in Resources */,
			);
			runOnlyForDeploymentPostprocessing = 0;
		};
/* End PBXResourcesBuildPhase section */

/* Begin PBXSourcesBuildPhase section */
		21DE50EE1ED5A65800C03D9A /* Sources */ = {
			isa = PBXSourcesBuildPhase;
			buildActionMask = 2147483647;
			files = (
				21DE50F81ED5A65800C03D9A /* ViewController.swift in Sources */,
				21DE50F61ED5A65800C03D9A /* AppDelegate.swift in Sources */,
			);
			runOnlyForDeploymentPostprocessing = 0;
		};
/* End PBXSourcesBuildPhase section */

/* Begin PBXVariantGroup section */
		21DE50F91ED5A65800C03D9A /* Main.storyboard */ = {
			isa = PBXVariantGroup;
			children = (
				21DE50FA1ED5A65800C03D9A /* Base */,
			);
			name = Main.storyboard;
			sourceTree = "<group>";
		};
		21DE50FE1ED5A65800C03D9A /* LaunchScreen.storyboard */ = {
			isa = PBXVariantGroup;
			children = (
				21DE50FF1ED5A65800C03D9A /* Base */,
			);
			name = LaunchScreen.storyboard;
			sourceTree = "<group>";
		};
/* End PBXVariantGroup section */

/* Begin XCBuildConfiguration section */
		21DE51021ED5A65800C03D9A /* Debug */ = {
			isa = XCBuildConfiguration;
			buildSettings = {
				ALWAYS_SEARCH_USER_PATHS = NO;
				CLANG_ANALYZER_NONNULL = YES;
				CLANG_ANALYZER_NUMBER_OBJECT_CONVERSION = YES_AGGRESSIVE;
				CLANG_CXX_LANGUAGE_STANDARD = "gnu++0x";
				CLANG_CXX_LIBRARY = "libc++";
				CLANG_ENABLE_MODULES = YES;
				CLANG_ENABLE_OBJC_ARC = YES;
				CLANG_WARN_BOOL_CONVERSION = YES;
				CLANG_WARN_CONSTANT_CONVERSION = YES;
				CLANG_WARN_DIRECT_OBJC_ISA_USAGE = YES_ERROR;
				CLANG_WARN_DOCUMENTATION_COMMENTS = YES;
				CLANG_WARN_EMPTY_BODY = YES;
				CLANG_WARN_ENUM_CONVERSION = YES;
				CLANG_WARN_INFINITE_RECURSION = YES;
				CLANG_WARN_INT_CONVERSION = YES;
				CLANG_WARN_OBJC_ROOT_CLASS = YES_ERROR;
				CLANG_WARN_SUSPICIOUS_MOVE = YES;
				CLANG_WARN_UNREACHABLE_CODE = YES;
				CLANG_WARN__DUPLICATE_METHOD_MATCH = YES;
				"CODE_SIGN_IDENTITY[sdk=iphoneos*]" = "iPhone Developer";
				COPY_PHASE_STRIP = NO;
				DEBUG_INFORMATION_FORMAT = dwarf;
				ENABLE_STRICT_OBJC_MSGSEND = YES;
				ENABLE_TESTABILITY = YES;
				GCC_C_LANGUAGE_STANDARD = gnu99;
				GCC_DYNAMIC_NO_PIC = NO;
				GCC_NO_COMMON_BLOCKS = YES;
				GCC_OPTIMIZATION_LEVEL = 0;
				GCC_PREPROCESSOR_DEFINITIONS = (
					"DEBUG=1",
					"$(inherited)",
				);
				GCC_WARN_64_TO_32_BIT_CONVERSION = YES;
				GCC_WARN_ABOUT_RETURN_TYPE = YES_ERROR;
				GCC_WARN_UNDECLARED_SELECTOR = YES;
				GCC_WARN_UNINITIALIZED_AUTOS = YES_AGGRESSIVE;
				GCC_WARN_UNUSED_FUNCTION = YES;
				GCC_WARN_UNUSED_VARIABLE = YES;
				IPHONEOS_DEPLOYMENT_TARGET = 10.3;
				MTL_ENABLE_DEBUG_INFO = YES;
				ONLY_ACTIVE_ARCH = YES;
				SDKROOT = iphoneos;
				SWIFT_ACTIVE_COMPILATION_CONDITIONS = DEBUG;
				SWIFT_OPTIMIZATION_LEVEL = "-Onone";
				TARGETED_DEVICE_FAMILY = "1,2";
			};
			name = Debug;
		};
		21DE51031ED5A65800C03D9A /* Release */ = {
			isa = XCBuildConfiguration;
			buildSettings = {
				ALWAYS_SEARCH_USER_PATHS = NO;
				CLANG_ANALYZER_NONNULL = YES;
				CLANG_ANALYZER_NUMBER_OBJECT_CONVERSION = YES_AGGRESSIVE;
				CLANG_CXX_LANGUAGE_STANDARD = "gnu++0x";
				CLANG_CXX_LIBRARY = "libc++";
				CLANG_ENABLE_MODULES = YES;
				CLANG_ENABLE_OBJC_ARC = YES;
				CLANG_WARN_BOOL_CONVERSION = YES;
				CLANG_WARN_CONSTANT_CONVERSION = YES;
				CLANG_WARN_DIRECT_OBJC_ISA_USAGE = YES_ERROR;
				CLANG_WARN_DOCUMENTATION_COMMENTS = YES;
				CLANG_WARN_EMPTY_BODY = YES;
				CLANG_WARN_ENUM_CONVERSION = YES;
				CLANG_WARN_INFINITE_RECURSION = YES;
				CLANG_WARN_INT_CONVERSION = YES;
				CLANG_WARN_OBJC_ROOT_CLASS = YES_ERROR;
				CLANG_WARN_SUSPICIOUS_MOVE = YES;
				CLANG_WARN_UNREACHABLE_CODE = YES;
				CLANG_WARN__DUPLICATE_METHOD_MATCH = YES;
				"CODE_SIGN_IDENTITY[sdk=iphoneos*]" = "iPhone Developer";
				COPY_PHASE_STRIP = NO;
				DEBUG_INFORMATION_FORMAT = "dwarf-with-dsym";
				ENABLE_NS_ASSERTIONS = NO;
				ENABLE_STRICT_OBJC_MSGSEND = YES;
				GCC_C_LANGUAGE_STANDARD = gnu99;
				GCC_NO_COMMON_BLOCKS = YES;
				GCC_WARN_64_TO_32_BIT_CONVERSION = YES;
				GCC_WARN_ABOUT_RETURN_TYPE = YES_ERROR;
				GCC_WARN_UNDECLARED_SELECTOR = YES;
				GCC_WARN_UNINITIALIZED_AUTOS = YES_AGGRESSIVE;
				GCC_WARN_UNUSED_FUNCTION = YES;
				GCC_WARN_UNUSED_VARIABLE = YES;
				IPHONEOS_DEPLOYMENT_TARGET = 10.3;
				MTL_ENABLE_DEBUG_INFO = NO;
				SDKROOT = iphoneos;
				SWIFT_OPTIMIZATION_LEVEL = "-Owholemodule";
				TARGETED_DEVICE_FAMILY = "1,2";
				VALIDATE_PRODUCT = YES;
			};
			name = Release;
		};
		21DE51051ED5A65800C03D9A /* Debug */ = {
			isa = XCBuildConfiguration;
			buildSettings = {
				ASSETCATALOG_COMPILER_APPICON_NAME = AppIcon;
				INFOPLIST_FILE = GitHubTest2/Info.plist;
				LD_RUNPATH_SEARCH_PATHS = "$(inherited) @executable_path/Frameworks";
				PRODUCT_BUNDLE_IDENTIFIER = rda.GitHubTest2;
				PRODUCT_NAME = "$(TARGET_NAME)";
				SWIFT_VERSION = 3.0;
			};
			name = Debug;
		};
		21DE51061ED5A65800C03D9A /* Release */ = {
			isa = XCBuildConfiguration;
			buildSettings = {
				ASSETCATALOG_COMPILER_APPICON_NAME = AppIcon;
				INFOPLIST_FILE = GitHubTest2/Info.plist;
				LD_RUNPATH_SEARCH_PATHS = "$(inherited) @executable_path/Frameworks";
				PRODUCT_BUNDLE_IDENTIFIER = rda.GitHubTest2;
				PRODUCT_NAME = "$(TARGET_NAME)";
				SWIFT_VERSION = 3.0;
			};
			name = Release;
		};
/* End XCBuildConfiguration section */

/* Begin XCConfigurationList section */
		21DE50ED1ED5A65800C03D9A /* Build configuration list for PBXProject "GitHubTest2" */ = {
			isa = XCConfigurationList;
			buildConfigurations = (
				21DE51021ED5A65800C03D9A /* Debug */,
				21DE51031ED5A65800C03D9A /* Release */,
			);
			defaultConfigurationIsVisible = 0;
			defaultConfigurationName = Release;
		};
		21DE51041ED5A65800C03D9A /* Build configuration list for PBXNativeTarget "GitHubTest2" */ = {
			isa = XCConfigurationList;
			buildConfigurations = (
				21DE51051ED5A65800C03D9A /* Debug */,
				21DE51061ED5A65800C03D9A /* Release */,
			);
			defaultConfigurationIsVisible = 0;
		};
/* End XCConfigurationList section */
	};
	rootObject = 21DE50EA1ED5A65800C03D9A /* Project object */;
}
